
Microsoft Visual Studio Solution File, Format Version 12.00
# Visual Studio 14
VisualStudioVersion = 14.0.23107.0
MinimumVisualStudioVersion = 10.0.40219.1
Project("{FAE04EC0-301F-11D3-BF4B-00C04F79EFBC}") = "LoLUniverse", "LoLUniverse\LoLUniverse.csproj", "{C7767AA8-9625-45AA-B1F6-95E2DC86437A}"
EndProject
Project("{FAE04EC0-301F-11D3-BF4B-00C04F79EFBC}") = "LoLUniverse.Tests", "LoLUniverse.Tests\LoLUniverse.Tests.csproj", "{EE0D4FAF-5A28-4DB5-A0E4-938D77C7C4F1}"
EndProject
Global
	GlobalSection(SolutionConfigurationPlatforms) = preSolution
		Debug|Any CPU = Debug|Any CPU
		Release|Any CPU = Release|Any CPU
	EndGlobalSection
	GlobalSection(ProjectConfigurationPlatforms) = postSolution
		{C7767AA8-9625-45AA-B1F6-95E2DC86437A}.Debug|Any CPU.ActiveCfg = Debug|Any CPU
		{C7767AA8-9625-45AA-B1F6-95E2DC86437A}.Debug|Any CPU.Build.0 = Debug|Any CPU
		{C7767AA8-9625-45AA-B1F6-95E2DC86437A}.Release|Any CPU.ActiveCfg = Release|Any CPU
		{C7767AA8-9625-45AA-B1F6-95E2DC86437A}.Release|Any CPU.Build.0 = Release|Any CPU
		{EE0D4FAF-5A28-4DB5-A0E4-938D77C7C4F1}.Debug|Any CPU.ActiveCfg = Debug|Any CPU
		{EE0D4FAF-5A28-4DB5-A0E4-938D77C7C4F1}.Debug|Any CPU.Build.0 = Debug|Any CPU
		{EE0D4FAF-5A28-4DB5-A0E4-938D77C7C4F1}.Release|Any CPU.ActiveCfg = Release|Any CPU
		{EE0D4FAF-5A28-4DB5-A0E4-938D77C7C4F1}.Release|Any CPU.Build.0 = Release|Any CPU
	EndGlobalSection
	GlobalSection(SolutionProperties) = preSolution
		HideSolutionNode = FALSE
	EndGlobalSection
EndGlobal
